
Microsoft Visual Studio Solution File, Format Version 12.00
# Visual Studio Version 17
VisualStudioVersion = 17.3.32929.385
MinimumVisualStudioVersion = 10.0.40219.1
Project("{9A19103F-16F7-4668-BE54-9A1E7A4F7556}") = "WebScraperFileDownload", "WebScraperFileDownload.csproj", "{C7CFC24D-6FAE-4DB0-B75E-F60C239F368D}"
EndProject
Global
	GlobalSection(SolutionConfigurationPlatforms) = preSolution
		Debug|Any CPU = Debug|Any CPU
		Release|Any CPU = Release|Any CPU
	EndGlobalSection
	GlobalSection(ProjectConfigurationPlatforms) = postSolution
		{C7CFC24D-6FAE-4DB0-B75E-F60C239F368D}.Debug|Any CPU.ActiveCfg = Debug|Any CPU
		{C7CFC24D-6FAE-4DB0-B75E-F60C239F368D}.Debug|Any CPU.Build.0 = Debug|Any CPU
		{C7CFC24D-6FAE-4DB0-B75E-F60C239F368D}.Release|Any CPU.ActiveCfg = Release|Any CPU
		{C7CFC24D-6FAE-4DB0-B75E-F60C239F368D}.Release|Any CPU.Build.0 = Release|Any CPU
	EndGlobalSection
	GlobalSection(SolutionProperties) = preSolution
		HideSolutionNode = FALSE
	EndGlobalSection
	GlobalSection(ExtensibilityGlobals) = postSolution
		SolutionGuid = {2943F678-74DB-4925-B806-64B76D50D8D7}
	EndGlobalSection
EndGlobal
